<?xml version="1.0" encoding="utf-8"?>
<Project ToolsVersion="4.0" xmlns="http://schemas.microsoft.com/developer/msbuild/2003">
  <ItemGroup>
    <ClCompile Include="MediaFoundationTDD.cpp">
      <Filter>Source Files</Filter>
    </ClCompile>
    <ClCompile Include="dllmain.cpp">
      <Filter>Source Files</Filter>
    </ClCompile>
    <ClCompile Include="IMFWrapper.cpp">
      <Filter>Source Files</Filter>
    </ClCompile>
    <ClCompile Include="Devices.cpp">
      <Filter>Source Files</Filter>
    </ClCompile>
    <ClCompile Include="AttributesFactory.cpp">
      <Filter>Source Files</Filter>
    </ClCompile>
  </ItemGroup>
  <ItemGroup>
    <ClInclude Include="MediaFoundationTDD.h">
      <Filter>Header Files</Filter>
    </ClInclude>
    <ClInclude Include="targetver.h">
      <Filter>Header Files</Filter>
    </ClInclude>
    <ClInclude Include="IMFWrapper.h">
      <Filter>Header Files</Filter>
    </ClInclude>
    <ClInclude Include="Devices.h">
      <Filter>Header Files</Filter>
    </ClInclude>
    <ClInclude Include="AttributesFactory.h">
      <Filter>Header Files</Filter>
    </ClInclude>
  </ItemGroup>
  <ItemGroup>
    <Filter Include="Source Files">
      <UniqueIdentifier>{12802413-b4eb-4000-9d0a-624c20867412}</UniqueIdentifier>
    </Filter>
    <Filter Include="Header Files">
      <UniqueIdentifier>{0f40b073-b9a1-4f28-9d3d-97dbbcae1b2b}</UniqueIdentifier>
    </Filter>
  </ItemGroup>
</Project>